<?xml version="1.0" encoding="utf-8"?>
<Project ToolsVersion="17.0" xmlns="http://schemas.microsoft.com/developer/msbuild/2003">
  <ItemGroup>
    <ClCompile Include="C:\SYN\diligent\DiligentCore\Graphics\GraphicsEngineOpenGL\src\DLLMain.cpp">
      <Filter>dll</Filter>
    </ClCompile>
  </ItemGroup>
  <ItemGroup>
    <ClInclude Include="C:\SYN\diligent\DiligentCore\Graphics\GraphicsEngineOpenGL\readme.md" />
  </ItemGroup>
  <ItemGroup>
    <CustomBuild Include="C:\SYN\diligent\DiligentCore\Graphics\GraphicsEngineOpenGL\CMakeLists.txt" />
  </ItemGroup>
  <ItemGroup>
    <None Include="C:\SYN\diligent\DiligentCore\Graphics\GraphicsEngineOpenGL\src\GraphicsEngineOpenGL.def">
      <Filter>dll</Filter>
    </None>
  </ItemGroup>
  <ItemGroup>
    <Filter Include="dll">
      <UniqueIdentifier>{1C0D22F5-DBAF-30F5-862E-9FED390A47B9}</UniqueIdentifier>
    </Filter>
  </ItemGroup>
</Project>
