<?xml version="1.0" encoding="utf-8"?>
<Project ToolsVersion="17.0" xmlns="http://schemas.microsoft.com/developer/msbuild/2003">
  <ItemGroup>
    <ClCompile Include="C:\Users\rbwld\Downloads\DiligentEngine_v2.5.4\DiligentEngine_v2.5.4\DiligentCore\Graphics\GraphicsEngineD3DBase\src\D3DCommonTypeConversions.cpp">
      <Filter>src</Filter>
    </ClCompile>
    <ClCompile Include="C:\Users\rbwld\Downloads\DiligentEngine_v2.5.4\DiligentEngine_v2.5.4\DiligentCore\Graphics\GraphicsEngineD3DBase\src\D3DShaderResourceValidation.cpp">
      <Filter>src</Filter>
    </ClCompile>
    <ClCompile Include="C:\Users\rbwld\Downloads\DiligentEngine_v2.5.4\DiligentEngine_v2.5.4\DiligentCore\Graphics\GraphicsEngineD3DBase\src\DXGITypeConversions.cpp">
      <Filter>src</Filter>
    </ClCompile>
    <ClCompile Include="C:\Users\rbwld\Downloads\DiligentEngine_v2.5.4\DiligentEngine_v2.5.4\DiligentCore\Graphics\GraphicsEngineD3DBase\src\ShaderD3DBase.cpp">
      <Filter>src</Filter>
    </ClCompile>
    <ClCompile Include="C:\Users\rbwld\Downloads\DiligentEngine_v2.5.4\DiligentEngine_v2.5.4\DiligentCore\Graphics\GraphicsEngineD3DBase\src\ShaderResources.cpp">
      <Filter>src</Filter>
    </ClCompile>
  </ItemGroup>
  <ItemGroup>
    <ClInclude Include="C:\Users\rbwld\Downloads\DiligentEngine_v2.5.4\DiligentEngine_v2.5.4\DiligentCore\Graphics\GraphicsEngineD3DBase\include\D3DCommonTypeConversions.hpp">
      <Filter>include</Filter>
    </ClInclude>
    <ClInclude Include="C:\Users\rbwld\Downloads\DiligentEngine_v2.5.4\DiligentEngine_v2.5.4\DiligentCore\Graphics\GraphicsEngineD3DBase\include\D3DErrors.hpp">
      <Filter>include</Filter>
    </ClInclude>
    <ClInclude Include="C:\Users\rbwld\Downloads\DiligentEngine_v2.5.4\DiligentEngine_v2.5.4\DiligentCore\Graphics\GraphicsEngineD3DBase\include\D3DTileMappingHelper.hpp">
      <Filter>include</Filter>
    </ClInclude>
    <ClInclude Include="C:\Users\rbwld\Downloads\DiligentEngine_v2.5.4\DiligentEngine_v2.5.4\DiligentCore\Graphics\GraphicsEngineD3DBase\include\D3DShaderResourceLoader.hpp">
      <Filter>include</Filter>
    </ClInclude>
    <ClInclude Include="C:\Users\rbwld\Downloads\DiligentEngine_v2.5.4\DiligentEngine_v2.5.4\DiligentCore\Graphics\GraphicsEngineD3DBase\include\D3DShaderResourceValidation.hpp">
      <Filter>include</Filter>
    </ClInclude>
    <ClInclude Include="C:\Users\rbwld\Downloads\DiligentEngine_v2.5.4\DiligentEngine_v2.5.4\DiligentCore\Graphics\GraphicsEngineD3DBase\include\D3DTypeConversionImpl.hpp">
      <Filter>include</Filter>
    </ClInclude>
    <ClInclude Include="C:\Users\rbwld\Downloads\DiligentEngine_v2.5.4\DiligentEngine_v2.5.4\DiligentCore\Graphics\GraphicsEngineD3DBase\include\D3DViewDescConversionImpl.hpp">
      <Filter>include</Filter>
    </ClInclude>
    <ClInclude Include="C:\Users\rbwld\Downloads\DiligentEngine_v2.5.4\DiligentEngine_v2.5.4\DiligentCore\Graphics\GraphicsEngineD3DBase\include\DXGITypeConversions.hpp">
      <Filter>include</Filter>
    </ClInclude>
    <ClInclude Include="C:\Users\rbwld\Downloads\DiligentEngine_v2.5.4\DiligentEngine_v2.5.4\DiligentCore\Graphics\GraphicsEngineD3DBase\include\EngineFactoryD3DBase.hpp">
      <Filter>include</Filter>
    </ClInclude>
    <ClInclude Include="C:\Users\rbwld\Downloads\DiligentEngine_v2.5.4\DiligentEngine_v2.5.4\DiligentCore\Graphics\GraphicsEngineD3DBase\include\RenderDeviceD3DBase.hpp">
      <Filter>include</Filter>
    </ClInclude>
    <ClInclude Include="C:\Users\rbwld\Downloads\DiligentEngine_v2.5.4\DiligentEngine_v2.5.4\DiligentCore\Graphics\GraphicsEngineD3DBase\include\ShaderD3DBase.hpp">
      <Filter>include</Filter>
    </ClInclude>
    <ClInclude Include="C:\Users\rbwld\Downloads\DiligentEngine_v2.5.4\DiligentEngine_v2.5.4\DiligentCore\Graphics\GraphicsEngineD3DBase\include\ShaderResources.hpp">
      <Filter>include</Filter>
    </ClInclude>
    <ClInclude Include="C:\Users\rbwld\Downloads\DiligentEngine_v2.5.4\DiligentEngine_v2.5.4\DiligentCore\Graphics\GraphicsEngineD3DBase\include\ShaderVariableD3D.hpp">
      <Filter>include</Filter>
    </ClInclude>
    <ClInclude Include="C:\Users\rbwld\Downloads\DiligentEngine_v2.5.4\DiligentEngine_v2.5.4\DiligentCore\Graphics\GraphicsEngineD3DBase\include\SwapChainD3DBase.hpp">
      <Filter>include</Filter>
    </ClInclude>
    <ClInclude Include="C:\Users\rbwld\Downloads\DiligentEngine_v2.5.4\DiligentEngine_v2.5.4\DiligentCore\Graphics\GraphicsEngineD3DBase\include\NVApiLoader.hpp">
      <Filter>include</Filter>
    </ClInclude>
    <ClInclude Include="C:\Users\rbwld\Downloads\DiligentEngine_v2.5.4\DiligentEngine_v2.5.4\DiligentCore\Graphics\GraphicsEngineD3DBase\interface\ShaderD3D.h">
      <Filter>interface</Filter>
    </ClInclude>
  </ItemGroup>
  <ItemGroup>
    <CustomBuild Include="C:\Users\rbwld\Downloads\DiligentEngine_v2.5.4\DiligentEngine_v2.5.4\DiligentCore\Graphics\GraphicsEngineD3DBase\CMakeLists.txt" />
  </ItemGroup>
  <ItemGroup>
    <Filter Include="include">
      <UniqueIdentifier>{75B2B387-C2EC-382F-B8F7-7EB49DEEC53B}</UniqueIdentifier>
    </Filter>
    <Filter Include="interface">
      <UniqueIdentifier>{F6033947-C1B3-3533-9EA5-1B589AF9973B}</UniqueIdentifier>
    </Filter>
    <Filter Include="src">
      <UniqueIdentifier>{E46B93D3-1E2D-3185-87D9-D92F1F260252}</UniqueIdentifier>
    </Filter>
  </ItemGroup>
</Project>
