<?xml version="1.0" encoding="utf-8"?>
<Project ToolsVersion="17.0" xmlns="http://schemas.microsoft.com/developer/msbuild/2003">
  <ItemGroup>
    <ClCompile Include="C:\SYN\diligent\DiligentSamples\Tutorials\Tutorial15_MultipleWindows\src\Tutorial15_MultipleWindows.cpp">
      <Filter>Source Files</Filter>
    </ClCompile>
  </ItemGroup>
  <ItemGroup>
    <CustomBuild Include="C:\SYN\diligent\DiligentSamples\Tutorials\Tutorial15_MultipleWindows\CMakeLists.txt" />
  </ItemGroup>
  <ItemGroup>
    <Filter Include="Source Files">
      <UniqueIdentifier>{881516AD-7FEC-30C9-AC77-848FD6E9A1F9}</UniqueIdentifier>
    </Filter>
  </ItemGroup>
</Project>
