<?xml version="1.0" encoding="utf-8"?>
<Project ToolsVersion="17.0" xmlns="http://schemas.microsoft.com/developer/msbuild/2003">
  <ItemGroup>
    <ClCompile Include="C:\SYN\diligent\DiligentSamples\Samples\ImguiDemo\src\ImguiDemo.cpp">
      <Filter>src</Filter>
    </ClCompile>
    <ClCompile Include="C:\SYN\diligent\DiligentTools\ThirdParty\imgui\imgui_demo.cpp">
      <Filter>src</Filter>
    </ClCompile>
  </ItemGroup>
  <ItemGroup>
    <ClInclude Include="C:\SYN\diligent\DiligentSamples\Samples\ImguiDemo\src\ImguiDemo.hpp">
      <Filter>src</Filter>
    </ClInclude>
    <ClInclude Include="C:\SYN\diligent\DiligentSamples\Samples\ImguiDemo\readme.md" />
  </ItemGroup>
  <ItemGroup>
    <CustomBuild Include="C:\SYN\diligent\DiligentSamples\Samples\ImguiDemo\CMakeLists.txt" />
  </ItemGroup>
  <ItemGroup>
    <ResourceCompile Include="C:\SYN\diligent\DiligentSamples\SampleBase\src\Win32\resources\Win32AppResource.rc">
      <Filter>resources</Filter>
    </ResourceCompile>
  </ItemGroup>
  <ItemGroup>
    <Filter Include="resources">
      <UniqueIdentifier>{E5B93933-25F0-3CE0-981E-158162FE03FC}</UniqueIdentifier>
    </Filter>
    <Filter Include="src">
      <UniqueIdentifier>{32F8D3BD-F243-3850-9B83-FC0BFA412A4A}</UniqueIdentifier>
    </Filter>
  </ItemGroup>
</Project>
