<?xml version="1.0" encoding="utf-8"?>
<Project ToolsVersion="17.0" xmlns="http://schemas.microsoft.com/developer/msbuild/2003">
  <ItemGroup>
    <ClCompile Include="C:\SYN\diligent\DiligentSamples\Samples\GLFWDemo\src\GLFWDemo.cpp">
      <Filter>src</Filter>
    </ClCompile>
    <ClCompile Include="C:\SYN\diligent\DiligentSamples\Samples\GLFWDemo\src\Game.cpp">
      <Filter>src</Filter>
    </ClCompile>
  </ItemGroup>
  <ItemGroup>
    <ClInclude Include="C:\SYN\diligent\DiligentSamples\Samples\GLFWDemo\src\GLFWDemo.hpp">
      <Filter>src</Filter>
    </ClInclude>
    <ClInclude Include="C:\SYN\diligent\DiligentSamples\Samples\GLFWDemo\src\Game.hpp">
      <Filter>src</Filter>
    </ClInclude>
  </ItemGroup>
  <ItemGroup>
    <CustomBuild Include="C:\SYN\diligent\DiligentSamples\Samples\GLFWDemo\CMakeLists.txt" />
  </ItemGroup>
  <ItemGroup>
    <None Include="C:\SYN\diligent\DiligentSamples\Samples\GLFWDemo\readme.md" />
    <None Include="C:\SYN\diligent\DiligentSamples\Samples\GLFWDemo\assets\DrawMap.hlsl">
      <Filter>assets</Filter>
    </None>
    <None Include="C:\SYN\diligent\DiligentSamples\Samples\GLFWDemo\assets\GenerateSDF.hlsl">
      <Filter>assets</Filter>
    </None>
    <None Include="C:\SYN\diligent\DiligentSamples\Samples\GLFWDemo\assets\Structures.fxh">
      <Filter>assets</Filter>
    </None>
    <None Include="C:\SYN\diligent\DiligentSamples\Samples\GLFWDemo\assets\RenderStates.json">
      <Filter>assets</Filter>
    </None>
  </ItemGroup>
  <ItemGroup>
    <Filter Include="assets">
      <UniqueIdentifier>{89F09546-BD89-3275-9E12-469D3A0AC566}</UniqueIdentifier>
    </Filter>
    <Filter Include="src">
      <UniqueIdentifier>{32F8D3BD-F243-3850-9B83-FC0BFA412A4A}</UniqueIdentifier>
    </Filter>
  </ItemGroup>
</Project>
