<?xml version="1.0" encoding="utf-8"?>
<Project ToolsVersion="17.0" xmlns="http://schemas.microsoft.com/developer/msbuild/2003">
  <ItemGroup>
    <CustomBuild Include="C:\SYN\CMakeFiles\97a68d220557060af35860bb490e6845\DiligentCore.lib.rule">
      <Filter>CMake Rules</Filter>
    </CustomBuild>
    <CustomBuild Include="C:\SYN\CMakeFiles\f73ea003d8c4a0948e61bb4cb0b1f387\DiligentCore-static.rule">
      <Filter>CMake Rules</Filter>
    </CustomBuild>
    <CustomBuild Include="C:\Users\rbwld\Downloads\DiligentEngine_v2.5.4\DiligentEngine_v2.5.4\DiligentCore\CMakeLists.txt" />
  </ItemGroup>
  <ItemGroup>
    <None Include="C:\SYN\DiligentCore\CMakeFiles\DiligentCore-static" />
  </ItemGroup>
  <ItemGroup>
    <Filter Include="CMake Rules">
      <UniqueIdentifier>{810ABB14-8FFA-37DD-9E48-E8A29BD9F288}</UniqueIdentifier>
    </Filter>
  </ItemGroup>
</Project>
