<?xml version="1.0" encoding="utf-8"?>
<Project ToolsVersion="17.0" xmlns="http://schemas.microsoft.com/developer/msbuild/2003">
  <ItemGroup>
    <CustomBuild Include="C:\SYN\CMakeFiles\e9d3e228daaa26bcfe8a14d014948405\INSTALL_force.rule">
      <Filter>CMake Rules</Filter>
    </CustomBuild>
  </ItemGroup>
  <ItemGroup>
    <Filter Include="CMake Rules">
      <UniqueIdentifier>{810ABB14-8FFA-37DD-9E48-E8A29BD9F288}</UniqueIdentifier>
    </Filter>
  </ItemGroup>
</Project>
