<?xml version="1.0" encoding="utf-8"?>
<Project ToolsVersion="17.0" xmlns="http://schemas.microsoft.com/developer/msbuild/2003">
  <ItemGroup>
    <ClCompile Include="C:\Users\rbwld\Downloads\DiligentEngine_v2.5.4\DiligentEngine_v2.5.4\DiligentSamples\Samples\NuklearDemo\src\NuklearDemo.cpp">
      <Filter>src</Filter>
    </ClCompile>
    <ClCompile Include="C:\Users\rbwld\Downloads\DiligentEngine_v2.5.4\DiligentEngine_v2.5.4\DiligentSamples\Samples\NuklearDemo\src\NkDiligent.cpp">
      <Filter>src</Filter>
    </ClCompile>
    <ClCompile Include="C:\Users\rbwld\Downloads\DiligentEngine_v2.5.4\DiligentEngine_v2.5.4\DiligentSamples\Samples\NuklearDemo\src\NkInputWin32.cpp">
      <Filter>src</Filter>
    </ClCompile>
    <ClCompile Include="C:\Users\rbwld\Downloads\DiligentEngine_v2.5.4\DiligentEngine_v2.5.4\DiligentSamples\Samples\NuklearDemo\src\NuklearDemoWin32.cpp">
      <Filter>src</Filter>
    </ClCompile>
  </ItemGroup>
  <ItemGroup>
    <ClInclude Include="C:\Users\rbwld\Downloads\DiligentEngine_v2.5.4\DiligentEngine_v2.5.4\DiligentSamples\Samples\NuklearDemo\src\NkInputWin32.h">
      <Filter>src</Filter>
    </ClInclude>
    <ClInclude Include="C:\Users\rbwld\Downloads\DiligentEngine_v2.5.4\DiligentEngine_v2.5.4\DiligentSamples\Samples\NuklearDemo\src\NuklearDemo.hpp">
      <Filter>src</Filter>
    </ClInclude>
    <ClInclude Include="C:\Users\rbwld\Downloads\DiligentEngine_v2.5.4\DiligentEngine_v2.5.4\DiligentSamples\Samples\NuklearDemo\src\NkDiligent.h">
      <Filter>src</Filter>
    </ClInclude>
    <ClInclude Include="C:\Users\rbwld\Downloads\DiligentEngine_v2.5.4\DiligentEngine_v2.5.4\DiligentSamples\Samples\NuklearDemo\readme.md" />
  </ItemGroup>
  <ItemGroup>
    <CustomBuild Include="C:\Users\rbwld\Downloads\DiligentEngine_v2.5.4\DiligentEngine_v2.5.4\DiligentSamples\Samples\NuklearDemo\CMakeLists.txt" />
  </ItemGroup>
  <ItemGroup>
    <ResourceCompile Include="C:\Users\rbwld\Downloads\DiligentEngine_v2.5.4\DiligentEngine_v2.5.4\DiligentSamples\SampleBase\src\Win32\resources\Win32AppResource.rc">
      <Filter>resources</Filter>
    </ResourceCompile>
  </ItemGroup>
  <ItemGroup>
    <Filter Include="resources">
      <UniqueIdentifier>{5601946D-ED87-37DE-9A3C-817FD733F510}</UniqueIdentifier>
    </Filter>
    <Filter Include="src">
      <UniqueIdentifier>{E46B93D3-1E2D-3185-87D9-D92F1F260252}</UniqueIdentifier>
    </Filter>
  </ItemGroup>
</Project>
