
Microsoft Visual Studio Solution File, Format Version 12.00
# Visual Studio Version 17
Project("{2150E333-8FDC-42A3-9474-1A3956D46DE8}") = "CMakePredefinedTargets", "CMakePredefinedTargets", "{9B50760B-7162-377C-B57D-B578E6BCE71D}"
EndProject
Project("{2150E333-8FDC-42A3-9474-1A3956D46DE8}") = "DiligentCore", "DiligentCore", "{688427E7-B739-3B84-9D40-0F9704142096}"
EndProject
Project("{2150E333-8FDC-42A3-9474-1A3956D46DE8}") = "Graphics", "DiligentCore\Graphics", "{30F96737-4458-3AD4-A441-8DA9C890FF63}"
EndProject
Project("{2150E333-8FDC-42A3-9474-1A3956D46DE8}") = "Platforms", "DiligentCore\Platforms", "{AB42C721-CE47-38D9-A80B-1F228381B3D8}"
EndProject
Project("{8BC9CEB8-8B4A-11D0-8D11-00A0C91BC942}") = "ALL_BUILD", "ALL_BUILD.vcxproj", "{D9F1F8DE-F305-38C7-A48D-2F37C0930C7E}"
	ProjectSection(ProjectDependencies) = postProject
		{F35B4C68-4DA4-3B38-9B90-E0976F7F32E4} = {F35B4C68-4DA4-3B38-9B90-E0976F7F32E4}
		{D4B72DAE-0BC9-32D7-96D9-AFC211EC519D} = {D4B72DAE-0BC9-32D7-96D9-AFC211EC519D}
	EndProjectSection
EndProject
Project("{8BC9CEB8-8B4A-11D0-8D11-00A0C91BC942}") = "Diligent-BasicPlatform", "..\..\Platforms\Basic\Diligent-BasicPlatform.vcxproj", "{C45E8F1E-8240-3415-9753-149169905F7C}"
	ProjectSection(ProjectDependencies) = postProject
		{70F70D5B-046D-3F92-B50C-F6648BCAF009} = {70F70D5B-046D-3F92-B50C-F6648BCAF009}
		{D4B72DAE-0BC9-32D7-96D9-AFC211EC519D} = {D4B72DAE-0BC9-32D7-96D9-AFC211EC519D}
	EndProjectSection
EndProject
Project("{8BC9CEB8-8B4A-11D0-8D11-00A0C91BC942}") = "Diligent-Common", "..\..\Common\Diligent-Common.vcxproj", "{499C6F0D-1DF9-3C5B-8C40-C55EF20EF37F}"
	ProjectSection(ProjectDependencies) = postProject
		{C45E8F1E-8240-3415-9753-149169905F7C} = {C45E8F1E-8240-3415-9753-149169905F7C}
		{70F70D5B-046D-3F92-B50C-F6648BCAF009} = {70F70D5B-046D-3F92-B50C-F6648BCAF009}
		{D850516C-9C4E-33DE-AF85-1A8E18AFF64E} = {D850516C-9C4E-33DE-AF85-1A8E18AFF64E}
		{D4B72DAE-0BC9-32D7-96D9-AFC211EC519D} = {D4B72DAE-0BC9-32D7-96D9-AFC211EC519D}
	EndProjectSection
EndProject
Project("{8BC9CEB8-8B4A-11D0-8D11-00A0C91BC942}") = "Diligent-GraphicsAccessories", "..\GraphicsAccessories\Diligent-GraphicsAccessories.vcxproj", "{4AA14C03-C9C4-3E15-A53B-831B311E57DD}"
	ProjectSection(ProjectDependencies) = postProject
		{C45E8F1E-8240-3415-9753-149169905F7C} = {C45E8F1E-8240-3415-9753-149169905F7C}
		{499C6F0D-1DF9-3C5B-8C40-C55EF20EF37F} = {499C6F0D-1DF9-3C5B-8C40-C55EF20EF37F}
		{70F70D5B-046D-3F92-B50C-F6648BCAF009} = {70F70D5B-046D-3F92-B50C-F6648BCAF009}
		{D850516C-9C4E-33DE-AF85-1A8E18AFF64E} = {D850516C-9C4E-33DE-AF85-1A8E18AFF64E}
		{D4B72DAE-0BC9-32D7-96D9-AFC211EC519D} = {D4B72DAE-0BC9-32D7-96D9-AFC211EC519D}
	EndProjectSection
EndProject
Project("{8BC9CEB8-8B4A-11D0-8D11-00A0C91BC942}") = "Diligent-GraphicsEngine", "..\GraphicsEngine\Diligent-GraphicsEngine.vcxproj", "{A1D7B5B9-3941-39E3-A7DD-2A9976779AD3}"
	ProjectSection(ProjectDependencies) = postProject
		{C45E8F1E-8240-3415-9753-149169905F7C} = {C45E8F1E-8240-3415-9753-149169905F7C}
		{499C6F0D-1DF9-3C5B-8C40-C55EF20EF37F} = {499C6F0D-1DF9-3C5B-8C40-C55EF20EF37F}
		{4AA14C03-C9C4-3E15-A53B-831B311E57DD} = {4AA14C03-C9C4-3E15-A53B-831B311E57DD}
		{70F70D5B-046D-3F92-B50C-F6648BCAF009} = {70F70D5B-046D-3F92-B50C-F6648BCAF009}
		{D850516C-9C4E-33DE-AF85-1A8E18AFF64E} = {D850516C-9C4E-33DE-AF85-1A8E18AFF64E}
		{D4B72DAE-0BC9-32D7-96D9-AFC211EC519D} = {D4B72DAE-0BC9-32D7-96D9-AFC211EC519D}
	EndProjectSection
EndProject
Project("{8BC9CEB8-8B4A-11D0-8D11-00A0C91BC942}") = "Diligent-GraphicsEngineNextGenBase", "Diligent-GraphicsEngineNextGenBase.vcxproj", "{F35B4C68-4DA4-3B38-9B90-E0976F7F32E4}"
	ProjectSection(ProjectDependencies) = postProject
		{C45E8F1E-8240-3415-9753-149169905F7C} = {C45E8F1E-8240-3415-9753-149169905F7C}
		{499C6F0D-1DF9-3C5B-8C40-C55EF20EF37F} = {499C6F0D-1DF9-3C5B-8C40-C55EF20EF37F}
		{4AA14C03-C9C4-3E15-A53B-831B311E57DD} = {4AA14C03-C9C4-3E15-A53B-831B311E57DD}
		{A1D7B5B9-3941-39E3-A7DD-2A9976779AD3} = {A1D7B5B9-3941-39E3-A7DD-2A9976779AD3}
		{70F70D5B-046D-3F92-B50C-F6648BCAF009} = {70F70D5B-046D-3F92-B50C-F6648BCAF009}
		{D850516C-9C4E-33DE-AF85-1A8E18AFF64E} = {D850516C-9C4E-33DE-AF85-1A8E18AFF64E}
		{D4B72DAE-0BC9-32D7-96D9-AFC211EC519D} = {D4B72DAE-0BC9-32D7-96D9-AFC211EC519D}
	EndProjectSection
EndProject
Project("{8BC9CEB8-8B4A-11D0-8D11-00A0C91BC942}") = "Diligent-Primitives", "..\..\Primitives\Diligent-Primitives.vcxproj", "{70F70D5B-046D-3F92-B50C-F6648BCAF009}"
	ProjectSection(ProjectDependencies) = postProject
		{D4B72DAE-0BC9-32D7-96D9-AFC211EC519D} = {D4B72DAE-0BC9-32D7-96D9-AFC211EC519D}
	EndProjectSection
EndProject
Project("{8BC9CEB8-8B4A-11D0-8D11-00A0C91BC942}") = "Diligent-Win32Platform", "..\..\Platforms\Win32\Diligent-Win32Platform.vcxproj", "{D850516C-9C4E-33DE-AF85-1A8E18AFF64E}"
	ProjectSection(ProjectDependencies) = postProject
		{C45E8F1E-8240-3415-9753-149169905F7C} = {C45E8F1E-8240-3415-9753-149169905F7C}
		{70F70D5B-046D-3F92-B50C-F6648BCAF009} = {70F70D5B-046D-3F92-B50C-F6648BCAF009}
		{D4B72DAE-0BC9-32D7-96D9-AFC211EC519D} = {D4B72DAE-0BC9-32D7-96D9-AFC211EC519D}
	EndProjectSection
EndProject
Project("{8BC9CEB8-8B4A-11D0-8D11-00A0C91BC942}") = "INSTALL", "INSTALL.vcxproj", "{FD93E1C1-7A2B-3D48-97A8-9594A8B02ED3}"
	ProjectSection(ProjectDependencies) = postProject
		{D9F1F8DE-F305-38C7-A48D-2F37C0930C7E} = {D9F1F8DE-F305-38C7-A48D-2F37C0930C7E}
		{D4B72DAE-0BC9-32D7-96D9-AFC211EC519D} = {D4B72DAE-0BC9-32D7-96D9-AFC211EC519D}
	EndProjectSection
EndProject
Project("{8BC9CEB8-8B4A-11D0-8D11-00A0C91BC942}") = "PACKAGE", "PACKAGE.vcxproj", "{36010892-1DEA-3A13-9E02-60D03DCCB456}"
	ProjectSection(ProjectDependencies) = postProject
		{D9F1F8DE-F305-38C7-A48D-2F37C0930C7E} = {D9F1F8DE-F305-38C7-A48D-2F37C0930C7E}
		{D4B72DAE-0BC9-32D7-96D9-AFC211EC519D} = {D4B72DAE-0BC9-32D7-96D9-AFC211EC519D}
	EndProjectSection
EndProject
Project("{8BC9CEB8-8B4A-11D0-8D11-00A0C91BC942}") = "ZERO_CHECK", "..\..\..\\ZERO_CHECK.vcxproj", "{D4B72DAE-0BC9-32D7-96D9-AFC211EC519D}"
	ProjectSection(ProjectDependencies) = postProject
	EndProjectSection
EndProject
Global
	GlobalSection(SolutionConfigurationPlatforms) = preSolution
		Debug|x64 = Debug|x64
		Release|x64 = Release|x64
		MinSizeRel|x64 = MinSizeRel|x64
		RelWithDebInfo|x64 = RelWithDebInfo|x64
	EndGlobalSection
	GlobalSection(ProjectConfigurationPlatforms) = postSolution
		{D9F1F8DE-F305-38C7-A48D-2F37C0930C7E}.Debug|x64.ActiveCfg = Debug|x64
		{D9F1F8DE-F305-38C7-A48D-2F37C0930C7E}.Debug|x64.Build.0 = Debug|x64
		{D9F1F8DE-F305-38C7-A48D-2F37C0930C7E}.Release|x64.ActiveCfg = Release|x64
		{D9F1F8DE-F305-38C7-A48D-2F37C0930C7E}.Release|x64.Build.0 = Release|x64
		{D9F1F8DE-F305-38C7-A48D-2F37C0930C7E}.MinSizeRel|x64.ActiveCfg = MinSizeRel|x64
		{D9F1F8DE-F305-38C7-A48D-2F37C0930C7E}.MinSizeRel|x64.Build.0 = MinSizeRel|x64
		{D9F1F8DE-F305-38C7-A48D-2F37C0930C7E}.RelWithDebInfo|x64.ActiveCfg = RelWithDebInfo|x64
		{D9F1F8DE-F305-38C7-A48D-2F37C0930C7E}.RelWithDebInfo|x64.Build.0 = RelWithDebInfo|x64
		{C45E8F1E-8240-3415-9753-149169905F7C}.Debug|x64.ActiveCfg = Debug|x64
		{C45E8F1E-8240-3415-9753-149169905F7C}.Debug|x64.Build.0 = Debug|x64
		{C45E8F1E-8240-3415-9753-149169905F7C}.Release|x64.ActiveCfg = Release|x64
		{C45E8F1E-8240-3415-9753-149169905F7C}.Release|x64.Build.0 = Release|x64
		{C45E8F1E-8240-3415-9753-149169905F7C}.MinSizeRel|x64.ActiveCfg = MinSizeRel|x64
		{C45E8F1E-8240-3415-9753-149169905F7C}.MinSizeRel|x64.Build.0 = MinSizeRel|x64
		{C45E8F1E-8240-3415-9753-149169905F7C}.RelWithDebInfo|x64.ActiveCfg = RelWithDebInfo|x64
		{C45E8F1E-8240-3415-9753-149169905F7C}.RelWithDebInfo|x64.Build.0 = RelWithDebInfo|x64
		{499C6F0D-1DF9-3C5B-8C40-C55EF20EF37F}.Debug|x64.ActiveCfg = Debug|x64
		{499C6F0D-1DF9-3C5B-8C40-C55EF20EF37F}.Debug|x64.Build.0 = Debug|x64
		{499C6F0D-1DF9-3C5B-8C40-C55EF20EF37F}.Release|x64.ActiveCfg = Release|x64
		{499C6F0D-1DF9-3C5B-8C40-C55EF20EF37F}.Release|x64.Build.0 = Release|x64
		{499C6F0D-1DF9-3C5B-8C40-C55EF20EF37F}.MinSizeRel|x64.ActiveCfg = MinSizeRel|x64
		{499C6F0D-1DF9-3C5B-8C40-C55EF20EF37F}.MinSizeRel|x64.Build.0 = MinSizeRel|x64
		{499C6F0D-1DF9-3C5B-8C40-C55EF20EF37F}.RelWithDebInfo|x64.ActiveCfg = RelWithDebInfo|x64
		{499C6F0D-1DF9-3C5B-8C40-C55EF20EF37F}.RelWithDebInfo|x64.Build.0 = RelWithDebInfo|x64
		{4AA14C03-C9C4-3E15-A53B-831B311E57DD}.Debug|x64.ActiveCfg = Debug|x64
		{4AA14C03-C9C4-3E15-A53B-831B311E57DD}.Debug|x64.Build.0 = Debug|x64
		{4AA14C03-C9C4-3E15-A53B-831B311E57DD}.Release|x64.ActiveCfg = Release|x64
		{4AA14C03-C9C4-3E15-A53B-831B311E57DD}.Release|x64.Build.0 = Release|x64
		{4AA14C03-C9C4-3E15-A53B-831B311E57DD}.MinSizeRel|x64.ActiveCfg = MinSizeRel|x64
		{4AA14C03-C9C4-3E15-A53B-831B311E57DD}.MinSizeRel|x64.Build.0 = MinSizeRel|x64
		{4AA14C03-C9C4-3E15-A53B-831B311E57DD}.RelWithDebInfo|x64.ActiveCfg = RelWithDebInfo|x64
		{4AA14C03-C9C4-3E15-A53B-831B311E57DD}.RelWithDebInfo|x64.Build.0 = RelWithDebInfo|x64
		{A1D7B5B9-3941-39E3-A7DD-2A9976779AD3}.Debug|x64.ActiveCfg = Debug|x64
		{A1D7B5B9-3941-39E3-A7DD-2A9976779AD3}.Debug|x64.Build.0 = Debug|x64
		{A1D7B5B9-3941-39E3-A7DD-2A9976779AD3}.Release|x64.ActiveCfg = Release|x64
		{A1D7B5B9-3941-39E3-A7DD-2A9976779AD3}.Release|x64.Build.0 = Release|x64
		{A1D7B5B9-3941-39E3-A7DD-2A9976779AD3}.MinSizeRel|x64.ActiveCfg = MinSizeRel|x64
		{A1D7B5B9-3941-39E3-A7DD-2A9976779AD3}.MinSizeRel|x64.Build.0 = MinSizeRel|x64
		{A1D7B5B9-3941-39E3-A7DD-2A9976779AD3}.RelWithDebInfo|x64.ActiveCfg = RelWithDebInfo|x64
		{A1D7B5B9-3941-39E3-A7DD-2A9976779AD3}.RelWithDebInfo|x64.Build.0 = RelWithDebInfo|x64
		{F35B4C68-4DA4-3B38-9B90-E0976F7F32E4}.Debug|x64.ActiveCfg = Debug|x64
		{F35B4C68-4DA4-3B38-9B90-E0976F7F32E4}.Debug|x64.Build.0 = Debug|x64
		{F35B4C68-4DA4-3B38-9B90-E0976F7F32E4}.Release|x64.ActiveCfg = Release|x64
		{F35B4C68-4DA4-3B38-9B90-E0976F7F32E4}.Release|x64.Build.0 = Release|x64
		{F35B4C68-4DA4-3B38-9B90-E0976F7F32E4}.MinSizeRel|x64.ActiveCfg = MinSizeRel|x64
		{F35B4C68-4DA4-3B38-9B90-E0976F7F32E4}.MinSizeRel|x64.Build.0 = MinSizeRel|x64
		{F35B4C68-4DA4-3B38-9B90-E0976F7F32E4}.RelWithDebInfo|x64.ActiveCfg = RelWithDebInfo|x64
		{F35B4C68-4DA4-3B38-9B90-E0976F7F32E4}.RelWithDebInfo|x64.Build.0 = RelWithDebInfo|x64
		{70F70D5B-046D-3F92-B50C-F6648BCAF009}.Debug|x64.ActiveCfg = Debug|x64
		{70F70D5B-046D-3F92-B50C-F6648BCAF009}.Debug|x64.Build.0 = Debug|x64
		{70F70D5B-046D-3F92-B50C-F6648BCAF009}.Release|x64.ActiveCfg = Release|x64
		{70F70D5B-046D-3F92-B50C-F6648BCAF009}.Release|x64.Build.0 = Release|x64
		{70F70D5B-046D-3F92-B50C-F6648BCAF009}.MinSizeRel|x64.ActiveCfg = MinSizeRel|x64
		{70F70D5B-046D-3F92-B50C-F6648BCAF009}.MinSizeRel|x64.Build.0 = MinSizeRel|x64
		{70F70D5B-046D-3F92-B50C-F6648BCAF009}.RelWithDebInfo|x64.ActiveCfg = RelWithDebInfo|x64
		{70F70D5B-046D-3F92-B50C-F6648BCAF009}.RelWithDebInfo|x64.Build.0 = RelWithDebInfo|x64
		{D850516C-9C4E-33DE-AF85-1A8E18AFF64E}.Debug|x64.ActiveCfg = Debug|x64
		{D850516C-9C4E-33DE-AF85-1A8E18AFF64E}.Debug|x64.Build.0 = Debug|x64
		{D850516C-9C4E-33DE-AF85-1A8E18AFF64E}.Release|x64.ActiveCfg = Release|x64
		{D850516C-9C4E-33DE-AF85-1A8E18AFF64E}.Release|x64.Build.0 = Release|x64
		{D850516C-9C4E-33DE-AF85-1A8E18AFF64E}.MinSizeRel|x64.ActiveCfg = MinSizeRel|x64
		{D850516C-9C4E-33DE-AF85-1A8E18AFF64E}.MinSizeRel|x64.Build.0 = MinSizeRel|x64
		{D850516C-9C4E-33DE-AF85-1A8E18AFF64E}.RelWithDebInfo|x64.ActiveCfg = RelWithDebInfo|x64
		{D850516C-9C4E-33DE-AF85-1A8E18AFF64E}.RelWithDebInfo|x64.Build.0 = RelWithDebInfo|x64
		{FD93E1C1-7A2B-3D48-97A8-9594A8B02ED3}.Debug|x64.ActiveCfg = Debug|x64
		{FD93E1C1-7A2B-3D48-97A8-9594A8B02ED3}.Release|x64.ActiveCfg = Release|x64
		{FD93E1C1-7A2B-3D48-97A8-9594A8B02ED3}.MinSizeRel|x64.ActiveCfg = MinSizeRel|x64
		{FD93E1C1-7A2B-3D48-97A8-9594A8B02ED3}.RelWithDebInfo|x64.ActiveCfg = RelWithDebInfo|x64
		{36010892-1DEA-3A13-9E02-60D03DCCB456}.Debug|x64.ActiveCfg = Debug|x64
		{36010892-1DEA-3A13-9E02-60D03DCCB456}.Release|x64.ActiveCfg = Release|x64
		{36010892-1DEA-3A13-9E02-60D03DCCB456}.MinSizeRel|x64.ActiveCfg = MinSizeRel|x64
		{36010892-1DEA-3A13-9E02-60D03DCCB456}.RelWithDebInfo|x64.ActiveCfg = RelWithDebInfo|x64
		{D4B72DAE-0BC9-32D7-96D9-AFC211EC519D}.Debug|x64.ActiveCfg = Debug|x64
		{D4B72DAE-0BC9-32D7-96D9-AFC211EC519D}.Debug|x64.Build.0 = Debug|x64
		{D4B72DAE-0BC9-32D7-96D9-AFC211EC519D}.Release|x64.ActiveCfg = Release|x64
		{D4B72DAE-0BC9-32D7-96D9-AFC211EC519D}.Release|x64.Build.0 = Release|x64
		{D4B72DAE-0BC9-32D7-96D9-AFC211EC519D}.MinSizeRel|x64.ActiveCfg = MinSizeRel|x64
		{D4B72DAE-0BC9-32D7-96D9-AFC211EC519D}.MinSizeRel|x64.Build.0 = MinSizeRel|x64
		{D4B72DAE-0BC9-32D7-96D9-AFC211EC519D}.RelWithDebInfo|x64.ActiveCfg = RelWithDebInfo|x64
		{D4B72DAE-0BC9-32D7-96D9-AFC211EC519D}.RelWithDebInfo|x64.Build.0 = RelWithDebInfo|x64
	EndGlobalSection
	GlobalSection(NestedProjects) = preSolution
		{D9F1F8DE-F305-38C7-A48D-2F37C0930C7E} = {9B50760B-7162-377C-B57D-B578E6BCE71D}
		{FD93E1C1-7A2B-3D48-97A8-9594A8B02ED3} = {9B50760B-7162-377C-B57D-B578E6BCE71D}
		{36010892-1DEA-3A13-9E02-60D03DCCB456} = {9B50760B-7162-377C-B57D-B578E6BCE71D}
		{D4B72DAE-0BC9-32D7-96D9-AFC211EC519D} = {9B50760B-7162-377C-B57D-B578E6BCE71D}
		{30F96737-4458-3AD4-A441-8DA9C890FF63} = {688427E7-B739-3B84-9D40-0F9704142096}
		{AB42C721-CE47-38D9-A80B-1F228381B3D8} = {688427E7-B739-3B84-9D40-0F9704142096}
		{499C6F0D-1DF9-3C5B-8C40-C55EF20EF37F} = {688427E7-B739-3B84-9D40-0F9704142096}
		{70F70D5B-046D-3F92-B50C-F6648BCAF009} = {688427E7-B739-3B84-9D40-0F9704142096}
		{4AA14C03-C9C4-3E15-A53B-831B311E57DD} = {30F96737-4458-3AD4-A441-8DA9C890FF63}
		{A1D7B5B9-3941-39E3-A7DD-2A9976779AD3} = {30F96737-4458-3AD4-A441-8DA9C890FF63}
		{F35B4C68-4DA4-3B38-9B90-E0976F7F32E4} = {30F96737-4458-3AD4-A441-8DA9C890FF63}
		{C45E8F1E-8240-3415-9753-149169905F7C} = {AB42C721-CE47-38D9-A80B-1F228381B3D8}
		{D850516C-9C4E-33DE-AF85-1A8E18AFF64E} = {AB42C721-CE47-38D9-A80B-1F228381B3D8}
	EndGlobalSection
	GlobalSection(ExtensibilityGlobals) = postSolution
		SolutionGuid = {B7E4EA0A-41ED-3FFC-92DD-91AE6951D97F}
	EndGlobalSection
	GlobalSection(ExtensibilityAddIns) = postSolution
	EndGlobalSection
EndGlobal
