<?xml version="1.0" encoding="utf-8"?>
<Project ToolsVersion="17.0" xmlns="http://schemas.microsoft.com/developer/msbuild/2003">
  <ItemGroup>
    <ClCompile Include="C:\SYN\diligent\DiligentSamples\Samples\Atmosphere\src\AtmosphereSample.cpp">
      <Filter>src</Filter>
    </ClCompile>
    <ClCompile Include="C:\SYN\diligent\DiligentSamples\Samples\Atmosphere\src\Terrain\EarthHemisphere.cpp">
      <Filter>src</Filter>
    </ClCompile>
    <ClCompile Include="C:\SYN\diligent\DiligentSamples\Samples\Atmosphere\src\Terrain\ElevationDataSource.cpp">
      <Filter>src</Filter>
    </ClCompile>
  </ItemGroup>
  <ItemGroup>
    <ClInclude Include="C:\SYN\diligent\DiligentSamples\Samples\Atmosphere\src\AtmosphereSample.hpp">
      <Filter>src</Filter>
    </ClInclude>
    <ClInclude Include="C:\SYN\diligent\DiligentSamples\Samples\Atmosphere\src\Terrain\EarthHemisphere.hpp">
      <Filter>src</Filter>
    </ClInclude>
    <ClInclude Include="C:\SYN\diligent\DiligentSamples\Samples\Atmosphere\src\Terrain\ElevationDataSource.hpp">
      <Filter>src</Filter>
    </ClInclude>
    <ClInclude Include="C:\SYN\diligent\DiligentSamples\Samples\Atmosphere\readme.md" />
  </ItemGroup>
  <ItemGroup>
    <CustomBuild Include="C:\SYN\diligent\DiligentSamples\Samples\Atmosphere\CMakeLists.txt" />
  </ItemGroup>
  <ItemGroup>
    <Image Include="C:\SYN\diligent\DiligentSamples\Samples\Atmosphere\assets\Terrain\Mask.png">
      <Filter>Assets\Terrain</Filter>
    </Image>
    <Image Include="C:\SYN\diligent\DiligentSamples\Samples\Atmosphere\assets\Terrain\Tiles\Snow_NM.jpg">
      <Filter>Assets\Terrain\Tiles</Filter>
    </Image>
  </ItemGroup>
  <ItemGroup>
    <None Include="C:\SYN\diligent\DiligentSamples\Samples\Atmosphere\assets\Terrain\HeightMap.tif">
      <Filter>Assets\Terrain</Filter>
    </None>
    <None Include="C:\SYN\diligent\DiligentSamples\Samples\Atmosphere\assets\Terrain\Tiles\cliff_DM.dds">
      <Filter>Assets\Terrain\Tiles</Filter>
    </None>
    <None Include="C:\SYN\diligent\DiligentSamples\Samples\Atmosphere\assets\Terrain\Tiles\cliff_NM.dds">
      <Filter>Assets\Terrain\Tiles</Filter>
    </None>
    <None Include="C:\SYN\diligent\DiligentSamples\Samples\Atmosphere\assets\Terrain\Tiles\grass_DM.dds">
      <Filter>Assets\Terrain\Tiles</Filter>
    </None>
    <None Include="C:\SYN\diligent\DiligentSamples\Samples\Atmosphere\assets\Terrain\Tiles\grass_NM.dds">
      <Filter>Assets\Terrain\Tiles</Filter>
    </None>
    <None Include="C:\SYN\diligent\DiligentSamples\Samples\Atmosphere\assets\Terrain\Tiles\grassDark_DM.dds">
      <Filter>Assets\Terrain\Tiles</Filter>
    </None>
    <None Include="C:\SYN\diligent\DiligentSamples\Samples\Atmosphere\assets\Terrain\Tiles\gravel_DM.dds">
      <Filter>Assets\Terrain\Tiles</Filter>
    </None>
    <None Include="C:\SYN\diligent\DiligentSamples\Samples\Atmosphere\assets\Terrain\Tiles\gravel_NM.dds">
      <Filter>Assets\Terrain\Tiles</Filter>
    </None>
    <None Include="C:\SYN\diligent\DiligentSamples\Samples\Atmosphere\assets\Terrain\Tiles\snow_DM.dds">
      <Filter>Assets\Terrain\Tiles</Filter>
    </None>
    <None Include="C:\SYN\diligent\DiligentSamples\Samples\Atmosphere\assets\render_states\RenderStates.json">
      <Filter>Assets\render_states</Filter>
    </None>
    <None Include="C:\SYN\diligent\DiligentSamples\Samples\Atmosphere\assets\shaders\terrain\GenerateNormalMapPS.fx">
      <Filter>Assets\shaders\terrain</Filter>
    </None>
    <None Include="C:\SYN\diligent\DiligentSamples\Samples\Atmosphere\assets\shaders\terrain\HemispherePS.fx">
      <Filter>Assets\shaders\terrain</Filter>
    </None>
    <None Include="C:\SYN\diligent\DiligentSamples\Samples\Atmosphere\assets\shaders\terrain\HemisphereVS.fx">
      <Filter>Assets\shaders\terrain</Filter>
    </None>
    <None Include="C:\SYN\diligent\DiligentSamples\Samples\Atmosphere\assets\shaders\terrain\HemisphereZOnlyVS.fx">
      <Filter>Assets\shaders\terrain</Filter>
    </None>
    <None Include="C:\SYN\diligent\DiligentSamples\Samples\Atmosphere\assets\shaders\terrain\ScreenSizeQuadVS.fx">
      <Filter>Assets\shaders\terrain</Filter>
    </None>
    <None Include="C:\SYN\diligent\DiligentSamples\Samples\Atmosphere\assets\shaders\terrain\TerrainShadersCommon.fxh">
      <Filter>Assets\shaders\terrain</Filter>
    </None>
    <None Include="C:\SYN\diligent\DiligentSamples\Samples\Atmosphere\assets\shaders\HostSharedTerrainStructs.fxh">
      <Filter>Assets\shaders</Filter>
    </None>
    <None Include="C:\SYN\diligent\DiligentFX\Shaders\PostProcess\EpipolarLightScattering\public\EpipolarLightScatteringStructures.fxh">
      <Filter>Assets\shaders</Filter>
    </None>
    <None Include="C:\SYN\diligent\DiligentFX\Shaders\PostProcess\EpipolarLightScattering\public\EpipolarLightScatteringFunctions.fxh">
      <Filter>Assets\shaders</Filter>
    </None>
    <None Include="C:\SYN\diligent\DiligentFX\Shaders\PostProcess\ToneMapping\public\ToneMappingStructures.fxh">
      <Filter>Assets\shaders</Filter>
    </None>
    <None Include="C:\SYN\diligent\DiligentFX\Shaders\Common\public\BasicStructures.fxh">
      <Filter>Assets\shaders</Filter>
    </None>
    <None Include="C:\SYN\diligent\DiligentFX\Shaders\Common\public\Shadows.fxh">
      <Filter>Assets\shaders</Filter>
    </None>
  </ItemGroup>
  <ItemGroup>
    <ResourceCompile Include="C:\SYN\diligent\DiligentSamples\SampleBase\src\Win32\resources\Win32AppResource.rc">
      <Filter>resources</Filter>
    </ResourceCompile>
  </ItemGroup>
  <ItemGroup>
    <Filter Include="Assets">
      <UniqueIdentifier>{CF36015D-5881-304D-ABB4-133907A6F61D}</UniqueIdentifier>
    </Filter>
    <Filter Include="Assets\Terrain">
      <UniqueIdentifier>{BD539E70-00F6-30A6-9122-2680DA910EAB}</UniqueIdentifier>
    </Filter>
    <Filter Include="Assets\Terrain\Tiles">
      <UniqueIdentifier>{95F86E4B-DCCE-3912-B6D3-4B9FAA85D4FA}</UniqueIdentifier>
    </Filter>
    <Filter Include="Assets\render_states">
      <UniqueIdentifier>{79C27E15-C36A-3886-86A3-33DC982B34D4}</UniqueIdentifier>
    </Filter>
    <Filter Include="Assets\shaders">
      <UniqueIdentifier>{710155C3-5791-3B5F-9F81-253872B05A7E}</UniqueIdentifier>
    </Filter>
    <Filter Include="Assets\shaders\terrain">
      <UniqueIdentifier>{3492807F-0CCF-3C30-B537-68D1C03B017C}</UniqueIdentifier>
    </Filter>
    <Filter Include="resources">
      <UniqueIdentifier>{E5B93933-25F0-3CE0-981E-158162FE03FC}</UniqueIdentifier>
    </Filter>
    <Filter Include="src">
      <UniqueIdentifier>{32F8D3BD-F243-3850-9B83-FC0BFA412A4A}</UniqueIdentifier>
    </Filter>
  </ItemGroup>
</Project>
